
Microsoft Visual Studio Solution File, Format Version 12.00
# Visual Studio 15
VisualStudioVersion = 15.0.28010.2036
MinimumVisualStudioVersion = 10.0.40219.1
Project("{9A19103F-16F7-4668-BE54-9A1E7A4F7556}") = "Host1", "Host1\Host1.csproj", "{AEFD65EA-FBF4-484C-A388-663F6CAFFB6D}"
EndProject
Project("{9A19103F-16F7-4668-BE54-9A1E7A4F7556}") = "CessnaActorSystem", "CessnaActorSystem\CessnaActorSystem.csproj", "{D6491F45-DE7E-4617-BA08-60F8E3136B66}"
EndProject
Project("{9A19103F-16F7-4668-BE54-9A1E7A4F7556}") = "Host2", "Host2\Host2.csproj", "{C9152384-F7AB-4B11-AF53-DD8525417551}"
EndProject
Global
	GlobalSection(SolutionConfigurationPlatforms) = preSolution
		Debug|Any CPU = Debug|Any CPU
		Release|Any CPU = Release|Any CPU
	EndGlobalSection
	GlobalSection(ProjectConfigurationPlatforms) = postSolution
		{AEFD65EA-FBF4-484C-A388-663F6CAFFB6D}.Debug|Any CPU.ActiveCfg = Debug|Any CPU
		{AEFD65EA-FBF4-484C-A388-663F6CAFFB6D}.Debug|Any CPU.Build.0 = Debug|Any CPU
		{AEFD65EA-FBF4-484C-A388-663F6CAFFB6D}.Release|Any CPU.ActiveCfg = Release|Any CPU
		{AEFD65EA-FBF4-484C-A388-663F6CAFFB6D}.Release|Any CPU.Build.0 = Release|Any CPU
		{D6491F45-DE7E-4617-BA08-60F8E3136B66}.Debug|Any CPU.ActiveCfg = Debug|Any CPU
		{D6491F45-DE7E-4617-BA08-60F8E3136B66}.Debug|Any CPU.Build.0 = Debug|Any CPU
		{D6491F45-DE7E-4617-BA08-60F8E3136B66}.Release|Any CPU.ActiveCfg = Release|Any CPU
		{D6491F45-DE7E-4617-BA08-60F8E3136B66}.Release|Any CPU.Build.0 = Release|Any CPU
		{C9152384-F7AB-4B11-AF53-DD8525417551}.Debug|Any CPU.ActiveCfg = Debug|Any CPU
		{C9152384-F7AB-4B11-AF53-DD8525417551}.Debug|Any CPU.Build.0 = Debug|Any CPU
		{C9152384-F7AB-4B11-AF53-DD8525417551}.Release|Any CPU.ActiveCfg = Release|Any CPU
		{C9152384-F7AB-4B11-AF53-DD8525417551}.Release|Any CPU.Build.0 = Release|Any CPU
	EndGlobalSection
	GlobalSection(SolutionProperties) = preSolution
		HideSolutionNode = FALSE
	EndGlobalSection
	GlobalSection(ExtensibilityGlobals) = postSolution
		SolutionGuid = {1A3C0F04-1B99-4C70-9606-C7DCCA73C917}
	EndGlobalSection
EndGlobal
